Microsoft Visual Studio Solution File, Format Version 12.00
# Visual Studio 2013
Project("{8BC9CEB8-8B4A-11D0-8D11-00A0C91BC942}") = "ALL_BUILD", "ALL_BUILD.vcxproj", "{7C3A11C2-FE9C-4D60-9AF7-FBD7ADB22DF1}"
	ProjectSection(ProjectDependencies) = postProject
		{3760FE80-271E-4899-983B-5DF6660E9874} = {3760FE80-271E-4899-983B-5DF6660E9874}
		{9D8BEE15-A045-4451-A9EE-21EE1180CC0E} = {9D8BEE15-A045-4451-A9EE-21EE1180CC0E}
		{8EEBB1E4-04A6-4610-B0EC-DE75A17B1286} = {8EEBB1E4-04A6-4610-B0EC-DE75A17B1286}
	EndProjectSection
EndProject
Project("{8BC9CEB8-8B4A-11D0-8D11-00A0C91BC942}") = "ZERO_CHECK", "ZERO_CHECK.vcxproj", "{3760FE80-271E-4899-983B-5DF6660E9874}"
	ProjectSection(ProjectDependencies) = postProject
	EndProjectSection
EndProject
Project("{8BC9CEB8-8B4A-11D0-8D11-00A0C91BC942}") = "flandmark_shared", "flandmark_shared.vcxproj", "{9D8BEE15-A045-4451-A9EE-21EE1180CC0E}"
	ProjectSection(ProjectDependencies) = postProject
		{3760FE80-271E-4899-983B-5DF6660E9874} = {3760FE80-271E-4899-983B-5DF6660E9874}
	EndProjectSection
EndProject
Project("{8BC9CEB8-8B4A-11D0-8D11-00A0C91BC942}") = "flandmark_static", "flandmark_static.vcxproj", "{8EEBB1E4-04A6-4610-B0EC-DE75A17B1286}"
	ProjectSection(ProjectDependencies) = postProject
		{3760FE80-271E-4899-983B-5DF6660E9874} = {3760FE80-271E-4899-983B-5DF6660E9874}
	EndProjectSection
EndProject
Global
	GlobalSection(SolutionConfigurationPlatforms) = preSolution
		Debug|Win32 = Debug|Win32
		Release|Win32 = Release|Win32
		MinSizeRel|Win32 = MinSizeRel|Win32
		RelWithDebInfo|Win32 = RelWithDebInfo|Win32
	EndGlobalSection
	GlobalSection(ProjectConfigurationPlatforms) = postSolution
		{7C3A11C2-FE9C-4D60-9AF7-FBD7ADB22DF1}.Debug|Win32.ActiveCfg = Debug|Win32
		{7C3A11C2-FE9C-4D60-9AF7-FBD7ADB22DF1}.Release|Win32.ActiveCfg = Release|Win32
		{7C3A11C2-FE9C-4D60-9AF7-FBD7ADB22DF1}.MinSizeRel|Win32.ActiveCfg = MinSizeRel|Win32
		{7C3A11C2-FE9C-4D60-9AF7-FBD7ADB22DF1}.RelWithDebInfo|Win32.ActiveCfg = RelWithDebInfo|Win32
		{3760FE80-271E-4899-983B-5DF6660E9874}.Debug|Win32.ActiveCfg = Debug|Win32
		{3760FE80-271E-4899-983B-5DF6660E9874}.Debug|Win32.Build.0 = Debug|Win32
		{3760FE80-271E-4899-983B-5DF6660E9874}.Release|Win32.ActiveCfg = Release|Win32
		{3760FE80-271E-4899-983B-5DF6660E9874}.Release|Win32.Build.0 = Release|Win32
		{3760FE80-271E-4899-983B-5DF6660E9874}.MinSizeRel|Win32.ActiveCfg = MinSizeRel|Win32
		{3760FE80-271E-4899-983B-5DF6660E9874}.MinSizeRel|Win32.Build.0 = MinSizeRel|Win32
		{3760FE80-271E-4899-983B-5DF6660E9874}.RelWithDebInfo|Win32.ActiveCfg = RelWithDebInfo|Win32
		{3760FE80-271E-4899-983B-5DF6660E9874}.RelWithDebInfo|Win32.Build.0 = RelWithDebInfo|Win32
		{9D8BEE15-A045-4451-A9EE-21EE1180CC0E}.Debug|Win32.ActiveCfg = Debug|Win32
		{9D8BEE15-A045-4451-A9EE-21EE1180CC0E}.Debug|Win32.Build.0 = Debug|Win32
		{9D8BEE15-A045-4451-A9EE-21EE1180CC0E}.Release|Win32.ActiveCfg = Release|Win32
		{9D8BEE15-A045-4451-A9EE-21EE1180CC0E}.Release|Win32.Build.0 = Release|Win32
		{9D8BEE15-A045-4451-A9EE-21EE1180CC0E}.MinSizeRel|Win32.ActiveCfg = MinSizeRel|Win32
		{9D8BEE15-A045-4451-A9EE-21EE1180CC0E}.MinSizeRel|Win32.Build.0 = MinSizeRel|Win32
		{9D8BEE15-A045-4451-A9EE-21EE1180CC0E}.RelWithDebInfo|Win32.ActiveCfg = RelWithDebInfo|Win32
		{9D8BEE15-A045-4451-A9EE-21EE1180CC0E}.RelWithDebInfo|Win32.Build.0 = RelWithDebInfo|Win32
		{8EEBB1E4-04A6-4610-B0EC-DE75A17B1286}.Debug|Win32.ActiveCfg = Debug|Win32
		{8EEBB1E4-04A6-4610-B0EC-DE75A17B1286}.Debug|Win32.Build.0 = Debug|Win32
		{8EEBB1E4-04A6-4610-B0EC-DE75A17B1286}.Release|Win32.ActiveCfg = Release|Win32
		{8EEBB1E4-04A6-4610-B0EC-DE75A17B1286}.Release|Win32.Build.0 = Release|Win32
		{8EEBB1E4-04A6-4610-B0EC-DE75A17B1286}.MinSizeRel|Win32.ActiveCfg = MinSizeRel|Win32
		{8EEBB1E4-04A6-4610-B0EC-DE75A17B1286}.MinSizeRel|Win32.Build.0 = MinSizeRel|Win32
		{8EEBB1E4-04A6-4610-B0EC-DE75A17B1286}.RelWithDebInfo|Win32.ActiveCfg = RelWithDebInfo|Win32
		{8EEBB1E4-04A6-4610-B0EC-DE75A17B1286}.RelWithDebInfo|Win32.Build.0 = RelWithDebInfo|Win32
	EndGlobalSection
	GlobalSection(ExtensibilityGlobals) = postSolution
	EndGlobalSection
	GlobalSection(ExtensibilityAddIns) = postSolution
	EndGlobalSection
EndGlobal
